
Microsoft Visual Studio Solution File, Format Version 12.00
# Visual Studio Version 17
VisualStudioVersion = 17.8.34330.188
MinimumVisualStudioVersion = 10.0.40219.1
Project("{9A19103F-16F7-4668-BE54-9A1E7A4F7556}") = "TechChallenge-FIAP_API", "src\TechChallenge-FIAP_API\TechChallenge-FIAP_API.csproj", "{863E1538-A982-4A58-8C5D-4DEFE9BCCFF6}"
EndProject
Project("{9A19103F-16F7-4668-BE54-9A1E7A4F7556}") = "TechChallenge-FIAP_API.Domain", "src\TechChallenge-FIAP_API.Domain\TechChallenge-FIAP_API.Domain.csproj", "{401A2408-5B87-4540-8AF6-C798A199464A}"
EndProject
Project("{9A19103F-16F7-4668-BE54-9A1E7A4F7556}") = "TechChallenge-FIAP_API.Infra", "src\TechChallenge-FIAP_API.Infra\TechChallenge-FIAP_API.Infra.csproj", "{BFD34D5B-43DE-40AD-9A30-9CE37FDE828F}"
EndProject
Project("{9A19103F-16F7-4668-BE54-9A1E7A4F7556}") = "TechChallenge-FIAP_API.Application", "src\TechChallenge-FIAP_API.Application\TechChallenge-FIAP_API.Application.csproj", "{007C9997-C869-4FB4-BEE6-2EE1CB6292B2}"
EndProject
Project("{FAE04EC0-301F-11D3-BF4B-00C04F79EFBC}") = "TechChallenge-FIAP_API.Tests", "src\TechChallenge-FIAP_API.Application\TechChallenge-FIAP_API.Tests\TechChallenge-FIAP_API.Tests.csproj", "{A06DDF0A-BAED-4B9D-8D63-C1A097C78BD8}"
EndProject
Global
	GlobalSection(SolutionConfigurationPlatforms) = preSolution
		Debug|Any CPU = Debug|Any CPU
		Release|Any CPU = Release|Any CPU
	EndGlobalSection
	GlobalSection(ProjectConfigurationPlatforms) = postSolution
		{863E1538-A982-4A58-8C5D-4DEFE9BCCFF6}.Debug|Any CPU.ActiveCfg = Debug|Any CPU
		{863E1538-A982-4A58-8C5D-4DEFE9BCCFF6}.Debug|Any CPU.Build.0 = Debug|Any CPU
		{863E1538-A982-4A58-8C5D-4DEFE9BCCFF6}.Release|Any CPU.ActiveCfg = Release|Any CPU
		{863E1538-A982-4A58-8C5D-4DEFE9BCCFF6}.Release|Any CPU.Build.0 = Release|Any CPU
		{401A2408-5B87-4540-8AF6-C798A199464A}.Debug|Any CPU.ActiveCfg = Debug|Any CPU
		{401A2408-5B87-4540-8AF6-C798A199464A}.Debug|Any CPU.Build.0 = Debug|Any CPU
		{401A2408-5B87-4540-8AF6-C798A199464A}.Release|Any CPU.ActiveCfg = Release|Any CPU
		{401A2408-5B87-4540-8AF6-C798A199464A}.Release|Any CPU.Build.0 = Release|Any CPU
		{BFD34D5B-43DE-40AD-9A30-9CE37FDE828F}.Debug|Any CPU.ActiveCfg = Debug|Any CPU
		{BFD34D5B-43DE-40AD-9A30-9CE37FDE828F}.Debug|Any CPU.Build.0 = Debug|Any CPU
		{BFD34D5B-43DE-40AD-9A30-9CE37FDE828F}.Release|Any CPU.ActiveCfg = Release|Any CPU
		{BFD34D5B-43DE-40AD-9A30-9CE37FDE828F}.Release|Any CPU.Build.0 = Release|Any CPU
		{007C9997-C869-4FB4-BEE6-2EE1CB6292B2}.Debug|Any CPU.ActiveCfg = Debug|Any CPU
		{007C9997-C869-4FB4-BEE6-2EE1CB6292B2}.Debug|Any CPU.Build.0 = Debug|Any CPU
		{007C9997-C869-4FB4-BEE6-2EE1CB6292B2}.Release|Any CPU.ActiveCfg = Release|Any CPU
		{007C9997-C869-4FB4-BEE6-2EE1CB6292B2}.Release|Any CPU.Build.0 = Release|Any CPU
		{A06DDF0A-BAED-4B9D-8D63-C1A097C78BD8}.Debug|Any CPU.ActiveCfg = Debug|Any CPU
		{A06DDF0A-BAED-4B9D-8D63-C1A097C78BD8}.Debug|Any CPU.Build.0 = Debug|Any CPU
		{A06DDF0A-BAED-4B9D-8D63-C1A097C78BD8}.Release|Any CPU.ActiveCfg = Release|Any CPU
		{A06DDF0A-BAED-4B9D-8D63-C1A097C78BD8}.Release|Any CPU.Build.0 = Release|Any CPU
	EndGlobalSection
	GlobalSection(SolutionProperties) = preSolution
		HideSolutionNode = FALSE
	EndGlobalSection
	GlobalSection(ExtensibilityGlobals) = postSolution
		SolutionGuid = {0BA5AFCF-60E7-4885-9591-6AE67A655733}
	EndGlobalSection
EndGlobal
